
Microsoft Visual Studio Solution File, Format Version 12.00
# Visual Studio Version 17
VisualStudioVersion = 17.14.36301.6 d17.14
MinimumVisualStudioVersion = 10.0.40219.1
Project("{FAE04EC0-301F-11D3-BF4B-00C04F79EFBC}") = "Solid.App", "Solid.App\Solid.App.csproj", "{79913AEF-64EB-481B-AB85-5804838481DB}"
EndProject
Global
	GlobalSection(SolutionConfigurationPlatforms) = preSolution
		Debug|Any CPU = Debug|Any CPU
		Release|Any CPU = Release|Any CPU
	EndGlobalSection
	GlobalSection(ProjectConfigurationPlatforms) = postSolution
		{79913AEF-64EB-481B-AB85-5804838481DB}.Debug|Any CPU.ActiveCfg = Debug|Any CPU
		{79913AEF-64EB-481B-AB85-5804838481DB}.Debug|Any CPU.Build.0 = Debug|Any CPU
		{79913AEF-64EB-481B-AB85-5804838481DB}.Release|Any CPU.ActiveCfg = Release|Any CPU
		{79913AEF-64EB-481B-AB85-5804838481DB}.Release|Any CPU.Build.0 = Release|Any CPU
	EndGlobalSection
	GlobalSection(SolutionProperties) = preSolution
		HideSolutionNode = FALSE
	EndGlobalSection
	GlobalSection(ExtensibilityGlobals) = postSolution
		SolutionGuid = {7674B3A3-9CD3-4F14-A093-624E90AB2128}
	EndGlobalSection
EndGlobal
