
Microsoft Visual Studio Solution File, Format Version 12.00
# Visual Studio Version 17
VisualStudioVersion = 17.14.36301.6
MinimumVisualStudioVersion = 10.0.40219.1
Project("{FAE04EC0-301F-11D3-BF4B-00C04F79EFBC}") = "Solid.App", "Solid.App\Solid.App.csproj", "{79913AEF-64EB-481B-AB85-5804838481DB}"
EndProject
Project("{2150E333-8FDC-42A3-9474-1A3956D46DE8}") = "FluentValidationApp", "FluentValidationApp", "{02EA681E-C7D8-13C7-8484-4AC65E1B71E8}"
EndProject
Project("{2150E333-8FDC-42A3-9474-1A3956D46DE8}") = "SOLID", "SOLID", "{B1E968AC-44F8-4D38-A2B5-0F5FB486F155}"
EndProject
Project("{FAE04EC0-301F-11D3-BF4B-00C04F79EFBC}") = "1_FluentValidationApp.Web", "1_FluentValidationApp.Web\1_FluentValidationApp.Web.csproj", "{4BA27299-D464-408A-A386-A114EE402A85}"
EndProject
Project("{2150E333-8FDC-42A3-9474-1A3956D46DE8}") = "RateLimit", "RateLimit", "{C98E7747-4546-46DA-A2DE-DF88C742691A}"
EndProject
Project("{FAE04EC0-301F-11D3-BF4B-00C04F79EFBC}") = "RateLimit.API", "RateLimit.API\RateLimit.API.csproj", "{EF9EC496-7568-4FCF-BE4A-92B81B1FCFE3}"
EndProject
Project("{2150E333-8FDC-42A3-9474-1A3956D46DE8}") = "Smidge", "Smidge", "{8B37182D-4F06-4169-A5D4-8E67B7416429}"
EndProject
Project("{FAE04EC0-301F-11D3-BF4B-00C04F79EFBC}") = "SmidgeApp.Web", "SmidgeApp.Web\SmidgeApp.Web.csproj", "{20BCB0CA-7420-4991-BB6D-9ADDBEEC5805}"
EndProject
Global
	GlobalSection(SolutionConfigurationPlatforms) = preSolution
		Debug|Any CPU = Debug|Any CPU
		Release|Any CPU = Release|Any CPU
	EndGlobalSection
	GlobalSection(ProjectConfigurationPlatforms) = postSolution
		{79913AEF-64EB-481B-AB85-5804838481DB}.Debug|Any CPU.ActiveCfg = Debug|Any CPU
		{79913AEF-64EB-481B-AB85-5804838481DB}.Debug|Any CPU.Build.0 = Debug|Any CPU
		{79913AEF-64EB-481B-AB85-5804838481DB}.Release|Any CPU.ActiveCfg = Release|Any CPU
		{79913AEF-64EB-481B-AB85-5804838481DB}.Release|Any CPU.Build.0 = Release|Any CPU
		{4BA27299-D464-408A-A386-A114EE402A85}.Debug|Any CPU.ActiveCfg = Debug|Any CPU
		{4BA27299-D464-408A-A386-A114EE402A85}.Debug|Any CPU.Build.0 = Debug|Any CPU
		{4BA27299-D464-408A-A386-A114EE402A85}.Release|Any CPU.ActiveCfg = Release|Any CPU
		{4BA27299-D464-408A-A386-A114EE402A85}.Release|Any CPU.Build.0 = Release|Any CPU
		{EF9EC496-7568-4FCF-BE4A-92B81B1FCFE3}.Debug|Any CPU.ActiveCfg = Debug|Any CPU
		{EF9EC496-7568-4FCF-BE4A-92B81B1FCFE3}.Debug|Any CPU.Build.0 = Debug|Any CPU
		{EF9EC496-7568-4FCF-BE4A-92B81B1FCFE3}.Release|Any CPU.ActiveCfg = Release|Any CPU
		{EF9EC496-7568-4FCF-BE4A-92B81B1FCFE3}.Release|Any CPU.Build.0 = Release|Any CPU
		{20BCB0CA-7420-4991-BB6D-9ADDBEEC5805}.Debug|Any CPU.ActiveCfg = Debug|Any CPU
		{20BCB0CA-7420-4991-BB6D-9ADDBEEC5805}.Debug|Any CPU.Build.0 = Debug|Any CPU
		{20BCB0CA-7420-4991-BB6D-9ADDBEEC5805}.Release|Any CPU.ActiveCfg = Release|Any CPU
		{20BCB0CA-7420-4991-BB6D-9ADDBEEC5805}.Release|Any CPU.Build.0 = Release|Any CPU
	EndGlobalSection
	GlobalSection(SolutionProperties) = preSolution
		HideSolutionNode = FALSE
	EndGlobalSection
	GlobalSection(NestedProjects) = preSolution
		{79913AEF-64EB-481B-AB85-5804838481DB} = {B1E968AC-44F8-4D38-A2B5-0F5FB486F155}
		{4BA27299-D464-408A-A386-A114EE402A85} = {02EA681E-C7D8-13C7-8484-4AC65E1B71E8}
		{EF9EC496-7568-4FCF-BE4A-92B81B1FCFE3} = {C98E7747-4546-46DA-A2DE-DF88C742691A}
		{20BCB0CA-7420-4991-BB6D-9ADDBEEC5805} = {8B37182D-4F06-4169-A5D4-8E67B7416429}
	EndGlobalSection
	GlobalSection(ExtensibilityGlobals) = postSolution
		SolutionGuid = {7674B3A3-9CD3-4F14-A093-624E90AB2128}
	EndGlobalSection
EndGlobal
